PODS:
  - Kingfisher (6.1.1)
  - Nimble (9.0.0)
  - Sourcery (1.2.1)
  - SwiftLint (0.42.0)

DEPENDENCIES:
  - Kingfisher
  - Nimble
  - Sourcery
  - SwiftLint

SPEC REPOS:
  trunk:
    - Kingfisher
    - Nimble
    - Sourcery
    - SwiftLint

SPEC CHECKSUMS:
  Kingfisher: 676d63307fbef6ed5d5ed400bff36983480d7500
  Nimble: 3b4ec3fd40f1dc178058e0981107721c615643d8
  Sourcery: 4c6e420c227f95d566f133753a438b4ab026ced6
  SwiftLint: 4fa9579c63416865179bc416f0a92d55f009600d

PODFILE CHECKSUM: 1039564b01677fb348619e2f800d5e069706dc41

COCOAPODS: 1.10.1
