PODS:
  - Nimble (8.0.2)
  - SwiftLint (0.34.0)

DEPENDENCIES:
  - Nimble
  - SwiftLint

SPEC REPOS:
  https://github.com/cocoapods/specs.git:
    - Nimble
    - SwiftLint

SPEC CHECKSUMS:
  Nimble: 622629381bda1dd5678162f21f1368cec7cbba60
  SwiftLint: 79d48a17c6565dc286c37efb8322c7b450f95c67

PODFILE CHECKSUM: 6d364342dc48197ea969f0b88de1ea61233e49b4

COCOAPODS: 1.7.5
